// !$*UTF8*$!
{
	archiveVersion = 1;
	classes = {
	};
	objectVersion = 46;
	objects = {

/* Begin PBXBuildFile section */
		9DE247601F15229200B3D277 /* Strategy.swift in Sources */ = {isa = PBXBuildFile; fileRef = 9DE2475F1F15229200B3D277 /* Strategy.swift */; };
		9DE247641F15250800B3D277 /* Result.swift in Sources */ = {isa = PBXBuildFile; fileRef = 9DE247631F15250800B3D277 /* Result.swift */; };
		9DF80DFE1F14262600F746BC /* AppDelegate.swift in Sources */ = {isa = PBXBuildFile; fileRef = 9DF80DFD1F14262600F746BC /* AppDelegate.swift */; };
		9DF80E001F14262600F746BC /* ViewController.swift in Sources */ = {isa = PBXBuildFile; fileRef = 9DF80DFF1F14262600F746BC /* ViewController.swift */; };
		9DF80E031F14262600F746BC /* Main.storyboard in Resources */ = {isa = PBXBuildFile; fileRef = 9DF80E011F14262600F746BC /* Main.storyboard */; };
		9DF80E051F14262600F746BC /* Assets.xcassets in Resources */ = {isa = PBXBuildFile; fileRef = 9DF80E041F14262600F746BC /* Assets.xcassets */; };
		9DF80E081F14262600F746BC /* LaunchScreen.storyboard in Resources */ = {isa = PBXBuildFile; fileRef = 9DF80E061F14262600F746BC /* LaunchScreen.storyboard */; };
/* End PBXBuildFile section */

/* Begin PBXFileReference section */
		9DE2475F1F15229200B3D277 /* Strategy.swift */ = {isa = PBXFileReference; fileEncoding = 4; lastKnownFileType = sourcecode.swift; path = Strategy.swift; sourceTree = "<group>"; };
		9DE247631F15250800B3D277 /* Result.swift */ = {isa = PBXFileReference; fileEncoding = 4; lastKnownFileType = sourcecode.swift; path = Result.swift; sourceTree = "<group>"; };
		9DF80DFA1F14262600F746BC /* Velha.app */ = {isa = PBXFileReference; explicitFileType = wrapper.application; includeInIndex = 0; path = Velha.app; sourceTree = BUILT_PRODUCTS_DIR; };
		9DF80DFD1F14262600F746BC /* AppDelegate.swift */ = {isa = PBXFileReference; lastKnownFileType = sourcecode.swift; path = AppDelegate.swift; sourceTree = "<group>"; };
		9DF80DFF1F14262600F746BC /* ViewController.swift */ = {isa = PBXFileReference; lastKnownFileType = sourcecode.swift; path = ViewController.swift; sourceTree = "<group>"; };
		9DF80E021F14262600F746BC /* Base */ = {isa = PBXFileReference; lastKnownFileType = file.storyboard; name = Base; path = Base.lproj/Main.storyboard; sourceTree = "<group>"; };
		9DF80E041F14262600F746BC /* Assets.xcassets */ = {isa = PBXFileReference; lastKnownFileType = folder.assetcatalog; path = Assets.xcassets; sourceTree = "<group>"; };
		9DF80E071F14262600F746BC /* Base */ = {isa = PBXFileReference; lastKnownFileType = file.storyboard; name = Base; path = Base.lproj/LaunchScreen.storyboard; sourceTree = "<group>"; };
		9DF80E091F14262600F746BC /* Info.plist */ = {isa = PBXFileReference; lastKnownFileType = text.plist.xml; path = Info.plist; sourceTree = "<group>"; };
/* End PBXFileReference section */

/* Begin PBXFrameworksBuildPhase section */
		9DF80DF71F14262600F746BC /* Frameworks */ = {
			isa = PBXFrameworksBuildPhase;
			buildActionMask = 2147483647;
			files = (
			);
			runOnlyForDeploymentPostprocessing = 0;
		};
/* End PBXFrameworksBuildPhase section */

/* Begin PBXGroup section */
		9DE2475E1F15226B00B3D277 /* AI */ = {
			isa = PBXGroup;
			children = (
				9DE2475F1F15229200B3D277 /* Strategy.swift */,
			);
			path = AI;
			sourceTree = "<group>";
		};
		9DF80DF11F14262600F746BC = {
			isa = PBXGroup;
			children = (
				9DF80DFC1F14262600F746BC /* Velha */,
				9DF80DFB1F14262600F746BC /* Products */,
			);
			sourceTree = "<group>";
		};
		9DF80DFB1F14262600F746BC /* Products */ = {
			isa = PBXGroup;
			children = (
				9DF80DFA1F14262600F746BC /* Velha.app */,
			);
			name = Products;
			sourceTree = "<group>";
		};
		9DF80DFC1F14262600F746BC /* Velha */ = {
			isa = PBXGroup;
			children = (
				9DE2475E1F15226B00B3D277 /* AI */,
				9DF80DFD1F14262600F746BC /* AppDelegate.swift */,
				9DF80E041F14262600F746BC /* Assets.xcassets */,
				9DF80E091F14262600F746BC /* Info.plist */,
				9DF80E061F14262600F746BC /* LaunchScreen.storyboard */,
				9DF80E011F14262600F746BC /* Main.storyboard */,
				9DE247631F15250800B3D277 /* Result.swift */,
				9DF80DFF1F14262600F746BC /* ViewController.swift */,
			);
			path = Velha;
			sourceTree = "<group>";
		};
/* End PBXGroup section */

/* Begin PBXNativeTarget section */
		9DF80DF91F14262600F746BC /* Velha */ = {
			isa = PBXNativeTarget;
			buildConfigurationList = 9DF80E0C1F14262600F746BC /* Build configuration list for PBXNativeTarget "Velha" */;
			buildPhases = (
				9DF80DF61F14262600F746BC /* Sources */,
				9DF80DF71F14262600F746BC /* Frameworks */,
				9DF80DF81F14262600F746BC /* Resources */,
			);
			buildRules = (
			);
			dependencies = (
			);
			name = Velha;
			productName = Velha;
			productReference = 9DF80DFA1F14262600F746BC /* Velha.app */;
			productType = "com.apple.product-type.application";
		};
/* End PBXNativeTarget section */

/* Begin PBXProject section */
		9DF80DF21F14262600F746BC /* Project object */ = {
			isa = PBXProject;
			attributes = {
				LastSwiftUpdateCheck = 0830;
				LastUpgradeCheck = 0830;
				ORGANIZATIONNAME = Allan;
				TargetAttributes = {
					9DF80DF91F14262600F746BC = {
						CreatedOnToolsVersion = 8.3.3;
						DevelopmentTeam = MN85JV9Z92;
						ProvisioningStyle = Automatic;
					};
				};
			};
			buildConfigurationList = 9DF80DF51F14262600F746BC /* Build configuration list for PBXProject "Velha" */;
			compatibilityVersion = "Xcode 3.2";
			developmentRegion = English;
			hasScannedForEncodings = 0;
			knownRegions = (
				en,
				Base,
			);
			mainGroup = 9DF80DF11F14262600F746BC;
			productRefGroup = 9DF80DFB1F14262600F746BC /* Products */;
			projectDirPath = "";
			projectRoot = "";
			targets = (
				9DF80DF91F14262600F746BC /* Velha */,
			);
		};
/* End PBXProject section */

/* Begin PBXResourcesBuildPhase section */
		9DF80DF81F14262600F746BC /* Resources */ = {
			isa = PBXResourcesBuildPhase;
			buildActionMask = 2147483647;
			files = (
				9DF80E081F14262600F746BC /* LaunchScreen.storyboard in Resources */,
				9DF80E051F14262600F746BC /* Assets.xcassets in Resources */,
				9DF80E031F14262600F746BC /* Main.storyboard in Resources */,
			);
			runOnlyForDeploymentPostprocessing = 0;
		};
/* End PBXResourcesBuildPhase section */

/* Begin PBXSourcesBuildPhase section */
		9DF80DF61F14262600F746BC /* Sources */ = {
			isa = PBXSourcesBuildPhase;
			buildActionMask = 2147483647;
			files = (
				9DF80E001F14262600F746BC /* ViewController.swift in Sources */,
				9DF80DFE1F14262600F746BC /* AppDelegate.swift in Sources */,
				9DE247641F15250800B3D277 /* Result.swift in Sources */,
				9DE247601F15229200B3D277 /* Strategy.swift in Sources */,
			);
			runOnlyForDeploymentPostprocessing = 0;
		};
/* End PBXSourcesBuildPhase section */

/* Begin PBXVariantGroup section */
		9DF80E011F14262600F746BC /* Main.storyboard */ = {
			isa = PBXVariantGroup;
			children = (
				9DF80E021F14262600F746BC /* Base */,
			);
			name = Main.storyboard;
			sourceTree = "<group>";
		};
		9DF80E061F14262600F746BC /* LaunchScreen.storyboard */ = {
			isa = PBXVariantGroup;
			children = (
				9DF80E071F14262600F746BC /* Base */,
			);
			name = LaunchScreen.storyboard;
			sourceTree = "<group>";
		};
/* End PBXVariantGroup section */

/* Begin XCBuildConfiguration section */
		9DF80E0A1F14262600F746BC /* Debug */ = {
			isa = XCBuildConfiguration;
			buildSettings = {
				ALWAYS_SEARCH_USER_PATHS = NO;
				CLANG_ANALYZER_NONNULL = YES;
				CLANG_ANALYZER_NUMBER_OBJECT_CONVERSION = YES_AGGRESSIVE;
				CLANG_CXX_LANGUAGE_STANDARD = "gnu++0x";
				CLANG_CXX_LIBRARY = "libc++";
				CLANG_ENABLE_MODULES = YES;
				CLANG_ENABLE_OBJC_ARC = YES;
				CLANG_WARN_BOOL_CONVERSION = YES;
				CLANG_WARN_CONSTANT_CONVERSION = YES;
				CLANG_WARN_DIRECT_OBJC_ISA_USAGE = YES_ERROR;
				CLANG_WARN_DOCUMENTATION_COMMENTS = YES;
				CLANG_WARN_EMPTY_BODY = YES;
				CLANG_WARN_ENUM_CONVERSION = YES;
				CLANG_WARN_INFINITE_RECURSION = YES;
				CLANG_WARN_INT_CONVERSION = YES;
				CLANG_WARN_OBJC_ROOT_CLASS = YES_ERROR;
				CLANG_WARN_SUSPICIOUS_MOVE = YES;
				CLANG_WARN_UNREACHABLE_CODE = YES;
				CLANG_WARN__DUPLICATE_METHOD_MATCH = YES;
				"CODE_SIGN_IDENTITY[sdk=iphoneos*]" = "iPhone Developer";
				COPY_PHASE_STRIP = NO;
				DEBUG_INFORMATION_FORMAT = dwarf;
				ENABLE_STRICT_OBJC_MSGSEND = YES;
				ENABLE_TESTABILITY = YES;
				GCC_C_LANGUAGE_STANDARD = gnu99;
				GCC_DYNAMIC_NO_PIC = NO;
				GCC_NO_COMMON_BLOCKS = YES;
				GCC_OPTIMIZATION_LEVEL = 0;
				GCC_PREPROCESSOR_DEFINITIONS = (
					"DEBUG=1",
					"$(inherited)",
				);
				GCC_WARN_64_TO_32_BIT_CONVERSION = YES;
				GCC_WARN_ABOUT_RETURN_TYPE = YES_ERROR;
				GCC_WARN_UNDECLARED_SELECTOR = YES;
				GCC_WARN_UNINITIALIZED_AUTOS = YES_AGGRESSIVE;
				GCC_WARN_UNUSED_FUNCTION = YES;
				GCC_WARN_UNUSED_VARIABLE = YES;
				IPHONEOS_DEPLOYMENT_TARGET = 9.3;
				MTL_ENABLE_DEBUG_INFO = YES;
				ONLY_ACTIVE_ARCH = YES;
				SDKROOT = iphoneos;
				SWIFT_ACTIVE_COMPILATION_CONDITIONS = DEBUG;
				SWIFT_OPTIMIZATION_LEVEL = "-Onone";
			};
			name = Debug;
		};
		9DF80E0B1F14262600F746BC /* Release */ = {
			isa = XCBuildConfiguration;
			buildSettings = {
				ALWAYS_SEARCH_USER_PATHS = NO;
				CLANG_ANALYZER_NONNULL = YES;
				CLANG_ANALYZER_NUMBER_OBJECT_CONVERSION = YES_AGGRESSIVE;
				CLANG_CXX_LANGUAGE_STANDARD = "gnu++0x";
				CLANG_CXX_LIBRARY = "libc++";
				CLANG_ENABLE_MODULES = YES;
				CLANG_ENABLE_OBJC_ARC = YES;
				CLANG_WARN_BOOL_CONVERSION = YES;
				CLANG_WARN_CONSTANT_CONVERSION = YES;
				CLANG_WARN_DIRECT_OBJC_ISA_USAGE = YES_ERROR;
				CLANG_WARN_DOCUMENTATION_COMMENTS = YES;
				CLANG_WARN_EMPTY_BODY = YES;
				CLANG_WARN_ENUM_CONVERSION = YES;
				CLANG_WARN_INFINITE_RECURSION = YES;
				CLANG_WARN_INT_CONVERSION = YES;
				CLANG_WARN_OBJC_ROOT_CLASS = YES_ERROR;
				CLANG_WARN_SUSPICIOUS_MOVE = YES;
				CLANG_WARN_UNREACHABLE_CODE = YES;
				CLANG_WARN__DUPLICATE_METHOD_MATCH = YES;
				"CODE_SIGN_IDENTITY[sdk=iphoneos*]" = "iPhone Developer";
				COPY_PHASE_STRIP = NO;
				DEBUG_INFORMATION_FORMAT = "dwarf-with-dsym";
				ENABLE_NS_ASSERTIONS = NO;
				ENABLE_STRICT_OBJC_MSGSEND = YES;
				GCC_C_LANGUAGE_STANDARD = gnu99;
				GCC_NO_COMMON_BLOCKS = YES;
				GCC_WARN_64_TO_32_BIT_CONVERSION = YES;
				GCC_WARN_ABOUT_RETURN_TYPE = YES_ERROR;
				GCC_WARN_UNDECLARED_SELECTOR = YES;
				GCC_WARN_UNINITIALIZED_AUTOS = YES_AGGRESSIVE;
				GCC_WARN_UNUSED_FUNCTION = YES;
				GCC_WARN_UNUSED_VARIABLE = YES;
				IPHONEOS_DEPLOYMENT_TARGET = 9.3;
				MTL_ENABLE_DEBUG_INFO = NO;
				SDKROOT = iphoneos;
				SWIFT_OPTIMIZATION_LEVEL = "-Owholemodule";
				VALIDATE_PRODUCT = YES;
			};
			name = Release;
		};
		9DF80E0D1F14262600F746BC /* Debug */ = {
			isa = XCBuildConfiguration;
			buildSettings = {
				ASSETCATALOG_COMPILER_APPICON_NAME = AppIcon;
				DEVELOPMENT_TEAM = MN85JV9Z92;
				INFOPLIST_FILE = Velha/Info.plist;
				IPHONEOS_DEPLOYMENT_TARGET = 10.3;
				LD_RUNPATH_SEARCH_PATHS = "$(inherited) @executable_path/Frameworks";
				PRODUCT_BUNDLE_IDENTIFIER = br.com.scofield.Velha;
				PRODUCT_NAME = "$(TARGET_NAME)";
				SWIFT_VERSION = 3.0;
				TARGETED_DEVICE_FAMILY = "1,2";
			};
			name = Debug;
		};
		9DF80E0E1F14262600F746BC /* Release */ = {
			isa = XCBuildConfiguration;
			buildSettings = {
				ASSETCATALOG_COMPILER_APPICON_NAME = AppIcon;
				DEVELOPMENT_TEAM = MN85JV9Z92;
				INFOPLIST_FILE = Velha/Info.plist;
				IPHONEOS_DEPLOYMENT_TARGET = 10.3;
				LD_RUNPATH_SEARCH_PATHS = "$(inherited) @executable_path/Frameworks";
				PRODUCT_BUNDLE_IDENTIFIER = br.com.scofield.Velha;
				PRODUCT_NAME = "$(TARGET_NAME)";
				SWIFT_VERSION = 3.0;
				TARGETED_DEVICE_FAMILY = "1,2";
			};
			name = Release;
		};
/* End XCBuildConfiguration section */

/* Begin XCConfigurationList section */
		9DF80DF51F14262600F746BC /* Build configuration list for PBXProject "Velha" */ = {
			isa = XCConfigurationList;
			buildConfigurations = (
				9DF80E0A1F14262600F746BC /* Debug */,
				9DF80E0B1F14262600F746BC /* Release */,
			);
			defaultConfigurationIsVisible = 0;
			defaultConfigurationName = Release;
		};
		9DF80E0C1F14262600F746BC /* Build configuration list for PBXNativeTarget "Velha" */ = {
			isa = XCConfigurationList;
			buildConfigurations = (
				9DF80E0D1F14262600F746BC /* Debug */,
				9DF80E0E1F14262600F746BC /* Release */,
			);
			defaultConfigurationIsVisible = 0;
			defaultConfigurationName = Release;
		};
/* End XCConfigurationList section */
	};
	rootObject = 9DF80DF21F14262600F746BC /* Project object */;
}
